
Microsoft Visual Studio Solution File, Format Version 12.00
# Visual Studio Version 16
VisualStudioVersion = 16.0.28803.202
MinimumVisualStudioVersion = 10.0.40219.1
Project("{9A19103F-16F7-4668-BE54-9A1E7A4F7556}") = "BlobStorageASP.NETCore", "BlobStorageASP.NETCore\BlobStorageASP.NETCore.csproj", "{FFB19292-D1C2-4C4A-8C3E-13C15A3E63AD}"
EndProject
Project("{FAE04EC0-301F-11D3-BF4B-00C04F79EFBC}") = "FaceApp", "FaceApp\FaceApp.csproj", "{BDA5549F-C4F6-498C-A06D-4CC659E2EE07}"
EndProject
Global
	GlobalSection(SolutionConfigurationPlatforms) = preSolution
		Debug|Any CPU = Debug|Any CPU
		Release|Any CPU = Release|Any CPU
	EndGlobalSection
	GlobalSection(ProjectConfigurationPlatforms) = postSolution
		{FFB19292-D1C2-4C4A-8C3E-13C15A3E63AD}.Debug|Any CPU.ActiveCfg = Debug|Any CPU
		{FFB19292-D1C2-4C4A-8C3E-13C15A3E63AD}.Debug|Any CPU.Build.0 = Debug|Any CPU
		{FFB19292-D1C2-4C4A-8C3E-13C15A3E63AD}.Release|Any CPU.ActiveCfg = Release|Any CPU
		{FFB19292-D1C2-4C4A-8C3E-13C15A3E63AD}.Release|Any CPU.Build.0 = Release|Any CPU
		{BDA5549F-C4F6-498C-A06D-4CC659E2EE07}.Debug|Any CPU.ActiveCfg = Debug|Any CPU
		{BDA5549F-C4F6-498C-A06D-4CC659E2EE07}.Debug|Any CPU.Build.0 = Debug|Any CPU
		{BDA5549F-C4F6-498C-A06D-4CC659E2EE07}.Release|Any CPU.ActiveCfg = Release|Any CPU
		{BDA5549F-C4F6-498C-A06D-4CC659E2EE07}.Release|Any CPU.Build.0 = Release|Any CPU
	EndGlobalSection
	GlobalSection(SolutionProperties) = preSolution
		HideSolutionNode = FALSE
	EndGlobalSection
	GlobalSection(ExtensibilityGlobals) = postSolution
		SolutionGuid = {DBF9E411-FDAE-4F0C-9F1C-5C4F352E4B75}
	EndGlobalSection
EndGlobal
